// !$*UTF8*$!
{
	archiveVersion = 1;
	classes = {
	};
	objectVersion = 50;
	objects = {

/* Begin PBXBuildFile section */
		DCD0F19624687E5A00660CF9 /* AppDelegate.swift in Sources */ = {isa = PBXBuildFile; fileRef = DCD0F19524687E5A00660CF9 /* AppDelegate.swift */; };
		DCD0F19824687E5A00660CF9 /* SceneDelegate.swift in Sources */ = {isa = PBXBuildFile; fileRef = DCD0F19724687E5A00660CF9 /* SceneDelegate.swift */; };
		DCD0F19B24687E5A00660CF9 /* firebase_to_dos.xcdatamodeld in Sources */ = {isa = PBXBuildFile; fileRef = DCD0F19924687E5A00660CF9 /* firebase_to_dos.xcdatamodeld */; };
		DCD0F19D24687E5A00660CF9 /* ContentView.swift in Sources */ = {isa = PBXBuildFile; fileRef = DCD0F19C24687E5A00660CF9 /* ContentView.swift */; };
		DCD0F19F24687E6200660CF9 /* Assets.xcassets in Resources */ = {isa = PBXBuildFile; fileRef = DCD0F19E24687E6200660CF9 /* Assets.xcassets */; };
		DCD0F1A224687E6200660CF9 /* Preview Assets.xcassets in Resources */ = {isa = PBXBuildFile; fileRef = DCD0F1A124687E6200660CF9 /* Preview Assets.xcassets */; };
		DCD0F1A524687E6200660CF9 /* LaunchScreen.storyboard in Resources */ = {isa = PBXBuildFile; fileRef = DCD0F1A324687E6200660CF9 /* LaunchScreen.storyboard */; };
		DCD0F1B024687E6300660CF9 /* firebase_to_dosUITests.swift in Sources */ = {isa = PBXBuildFile; fileRef = DCD0F1AF24687E6300660CF9 /* firebase_to_dosUITests.swift */; };
/* End PBXBuildFile section */

/* Begin PBXContainerItemProxy section */
		DCD0F1AC24687E6300660CF9 /* PBXContainerItemProxy */ = {
			isa = PBXContainerItemProxy;
			containerPortal = DCD0F18A24687E5A00660CF9 /* Project object */;
			proxyType = 1;
			remoteGlobalIDString = DCD0F19124687E5A00660CF9;
			remoteInfo = "firebase-to-dos";
		};
/* End PBXContainerItemProxy section */

/* Begin PBXFileReference section */
		DCD0F19224687E5A00660CF9 /* firebase-to-dos.app */ = {isa = PBXFileReference; explicitFileType = wrapper.application; includeInIndex = 0; path = "firebase-to-dos.app"; sourceTree = BUILT_PRODUCTS_DIR; };
		DCD0F19524687E5A00660CF9 /* AppDelegate.swift */ = {isa = PBXFileReference; lastKnownFileType = sourcecode.swift; path = AppDelegate.swift; sourceTree = "<group>"; };
		DCD0F19724687E5A00660CF9 /* SceneDelegate.swift */ = {isa = PBXFileReference; lastKnownFileType = sourcecode.swift; path = SceneDelegate.swift; sourceTree = "<group>"; };
		DCD0F19A24687E5A00660CF9 /* firebase_to_dos.xcdatamodel */ = {isa = PBXFileReference; lastKnownFileType = wrapper.xcdatamodel; path = firebase_to_dos.xcdatamodel; sourceTree = "<group>"; };
		DCD0F19C24687E5A00660CF9 /* ContentView.swift */ = {isa = PBXFileReference; lastKnownFileType = sourcecode.swift; path = ContentView.swift; sourceTree = "<group>"; };
		DCD0F19E24687E6200660CF9 /* Assets.xcassets */ = {isa = PBXFileReference; lastKnownFileType = folder.assetcatalog; path = Assets.xcassets; sourceTree = "<group>"; };
		DCD0F1A124687E6200660CF9 /* Preview Assets.xcassets */ = {isa = PBXFileReference; lastKnownFileType = folder.assetcatalog; path = "Preview Assets.xcassets"; sourceTree = "<group>"; };
		DCD0F1A424687E6200660CF9 /* Base */ = {isa = PBXFileReference; lastKnownFileType = file.storyboard; name = Base; path = Base.lproj/LaunchScreen.storyboard; sourceTree = "<group>"; };
		DCD0F1A624687E6200660CF9 /* Info.plist */ = {isa = PBXFileReference; lastKnownFileType = text.plist.xml; path = Info.plist; sourceTree = "<group>"; };
		DCD0F1AB24687E6300660CF9 /* firebase-to-dosUITests.xctest */ = {isa = PBXFileReference; explicitFileType = wrapper.cfbundle; includeInIndex = 0; path = "firebase-to-dosUITests.xctest"; sourceTree = BUILT_PRODUCTS_DIR; };
		DCD0F1AF24687E6300660CF9 /* firebase_to_dosUITests.swift */ = {isa = PBXFileReference; lastKnownFileType = sourcecode.swift; path = firebase_to_dosUITests.swift; sourceTree = "<group>"; };
		DCD0F1B124687E6300660CF9 /* Info.plist */ = {isa = PBXFileReference; lastKnownFileType = text.plist.xml; path = Info.plist; sourceTree = "<group>"; };
/* End PBXFileReference section */

/* Begin PBXFrameworksBuildPhase section */
		DCD0F18F24687E5A00660CF9 /* Frameworks */ = {
			isa = PBXFrameworksBuildPhase;
			buildActionMask = 2147483647;
			files = (
			);
			runOnlyForDeploymentPostprocessing = 0;
		};
		DCD0F1A824687E6300660CF9 /* Frameworks */ = {
			isa = PBXFrameworksBuildPhase;
			buildActionMask = 2147483647;
			files = (
			);
			runOnlyForDeploymentPostprocessing = 0;
		};
/* End PBXFrameworksBuildPhase section */

/* Begin PBXGroup section */
		DCD0F18924687E5A00660CF9 = {
			isa = PBXGroup;
			children = (
				DCD0F19424687E5A00660CF9 /* firebase-to-dos */,
				DCD0F1AE24687E6300660CF9 /* firebase-to-dosUITests */,
				DCD0F19324687E5A00660CF9 /* Products */,
			);
			sourceTree = "<group>";
		};
		DCD0F19324687E5A00660CF9 /* Products */ = {
			isa = PBXGroup;
			children = (
				DCD0F19224687E5A00660CF9 /* firebase-to-dos.app */,
				DCD0F1AB24687E6300660CF9 /* firebase-to-dosUITests.xctest */,
			);
			name = Products;
			sourceTree = "<group>";
		};
		DCD0F19424687E5A00660CF9 /* firebase-to-dos */ = {
			isa = PBXGroup;
			children = (
				DCD0F19524687E5A00660CF9 /* AppDelegate.swift */,
				DCD0F19724687E5A00660CF9 /* SceneDelegate.swift */,
				DCD0F19C24687E5A00660CF9 /* ContentView.swift */,
				DCD0F19E24687E6200660CF9 /* Assets.xcassets */,
				DCD0F1A324687E6200660CF9 /* LaunchScreen.storyboard */,
				DCD0F1A624687E6200660CF9 /* Info.plist */,
				DCD0F19924687E5A00660CF9 /* firebase_to_dos.xcdatamodeld */,
				DCD0F1A024687E6200660CF9 /* Preview Content */,
			);
			path = "firebase-to-dos";
			sourceTree = "<group>";
		};
		DCD0F1A024687E6200660CF9 /* Preview Content */ = {
			isa = PBXGroup;
			children = (
				DCD0F1A124687E6200660CF9 /* Preview Assets.xcassets */,
			);
			path = "Preview Content";
			sourceTree = "<group>";
		};
		DCD0F1AE24687E6300660CF9 /* firebase-to-dosUITests */ = {
			isa = PBXGroup;
			children = (
				DCD0F1AF24687E6300660CF9 /* firebase_to_dosUITests.swift */,
				DCD0F1B124687E6300660CF9 /* Info.plist */,
			);
			path = "firebase-to-dosUITests";
			sourceTree = "<group>";
		};
/* End PBXGroup section */

/* Begin PBXNativeTarget section */
		DCD0F19124687E5A00660CF9 /* firebase-to-dos */ = {
			isa = PBXNativeTarget;
			buildConfigurationList = DCD0F1B424687E6300660CF9 /* Build configuration list for PBXNativeTarget "firebase-to-dos" */;
			buildPhases = (
				DCD0F18E24687E5A00660CF9 /* Sources */,
				DCD0F18F24687E5A00660CF9 /* Frameworks */,
				DCD0F19024687E5A00660CF9 /* Resources */,
			);
			buildRules = (
			);
			dependencies = (
			);
			name = "firebase-to-dos";
			productName = "firebase-to-dos";
			productReference = DCD0F19224687E5A00660CF9 /* firebase-to-dos.app */;
			productType = "com.apple.product-type.application";
		};
		DCD0F1AA24687E6300660CF9 /* firebase-to-dosUITests */ = {
			isa = PBXNativeTarget;
			buildConfigurationList = DCD0F1B724687E6300660CF9 /* Build configuration list for PBXNativeTarget "firebase-to-dosUITests" */;
			buildPhases = (
				DCD0F1A724687E6300660CF9 /* Sources */,
				DCD0F1A824687E6300660CF9 /* Frameworks */,
				DCD0F1A924687E6300660CF9 /* Resources */,
			);
			buildRules = (
			);
			dependencies = (
				DCD0F1AD24687E6300660CF9 /* PBXTargetDependency */,
			);
			name = "firebase-to-dosUITests";
			productName = "firebase-to-dosUITests";
			productReference = DCD0F1AB24687E6300660CF9 /* firebase-to-dosUITests.xctest */;
			productType = "com.apple.product-type.bundle.ui-testing";
		};
/* End PBXNativeTarget section */

/* Begin PBXProject section */
		DCD0F18A24687E5A00660CF9 /* Project object */ = {
			isa = PBXProject;
			attributes = {
				LastSwiftUpdateCheck = 1140;
				LastUpgradeCheck = 1140;
				ORGANIZATIONNAME = "Erik Miller";
				TargetAttributes = {
					DCD0F19124687E5A00660CF9 = {
						CreatedOnToolsVersion = 11.4.1;
					};
					DCD0F1AA24687E6300660CF9 = {
						CreatedOnToolsVersion = 11.4.1;
						TestTargetID = DCD0F19124687E5A00660CF9;
					};
				};
			};
			buildConfigurationList = DCD0F18D24687E5A00660CF9 /* Build configuration list for PBXProject "firebase-to-dos" */;
			compatibilityVersion = "Xcode 9.3";
			developmentRegion = en;
			hasScannedForEncodings = 0;
			knownRegions = (
				en,
				Base,
			);
			mainGroup = DCD0F18924687E5A00660CF9;
			productRefGroup = DCD0F19324687E5A00660CF9 /* Products */;
			projectDirPath = "";
			projectRoot = "";
			targets = (
				DCD0F19124687E5A00660CF9 /* firebase-to-dos */,
				DCD0F1AA24687E6300660CF9 /* firebase-to-dosUITests */,
			);
		};
/* End PBXProject section */

/* Begin PBXResourcesBuildPhase section */
		DCD0F19024687E5A00660CF9 /* Resources */ = {
			isa = PBXResourcesBuildPhase;
			buildActionMask = 2147483647;
			files = (
				DCD0F1A524687E6200660CF9 /* LaunchScreen.storyboard in Resources */,
				DCD0F1A224687E6200660CF9 /* Preview Assets.xcassets in Resources */,
				DCD0F19F24687E6200660CF9 /* Assets.xcassets in Resources */,
			);
			runOnlyForDeploymentPostprocessing = 0;
		};
		DCD0F1A924687E6300660CF9 /* Resources */ = {
			isa = PBXResourcesBuildPhase;
			buildActionMask = 2147483647;
			files = (
			);
			runOnlyForDeploymentPostprocessing = 0;
		};
/* End PBXResourcesBuildPhase section */

/* Begin PBXSourcesBuildPhase section */
		DCD0F18E24687E5A00660CF9 /* Sources */ = {
			isa = PBXSourcesBuildPhase;
			buildActionMask = 2147483647;
			files = (
				DCD0F19624687E5A00660CF9 /* AppDelegate.swift in Sources */,
				DCD0F19B24687E5A00660CF9 /* firebase_to_dos.xcdatamodeld in Sources */,
				DCD0F19D24687E5A00660CF9 /* ContentView.swift in Sources */,
				DCD0F19824687E5A00660CF9 /* SceneDelegate.swift in Sources */,
			);
			runOnlyForDeploymentPostprocessing = 0;
		};
		DCD0F1A724687E6300660CF9 /* Sources */ = {
			isa = PBXSourcesBuildPhase;
			buildActionMask = 2147483647;
			files = (
				DCD0F1B024687E6300660CF9 /* firebase_to_dosUITests.swift in Sources */,
			);
			runOnlyForDeploymentPostprocessing = 0;
		};
/* End PBXSourcesBuildPhase section */

/* Begin PBXTargetDependency section */
		DCD0F1AD24687E6300660CF9 /* PBXTargetDependency */ = {
			isa = PBXTargetDependency;
			target = DCD0F19124687E5A00660CF9 /* firebase-to-dos */;
			targetProxy = DCD0F1AC24687E6300660CF9 /* PBXContainerItemProxy */;
		};
/* End PBXTargetDependency section */

/* Begin PBXVariantGroup section */
		DCD0F1A324687E6200660CF9 /* LaunchScreen.storyboard */ = {
			isa = PBXVariantGroup;
			children = (
				DCD0F1A424687E6200660CF9 /* Base */,
			);
			name = LaunchScreen.storyboard;
			sourceTree = "<group>";
		};
/* End PBXVariantGroup section */

/* Begin XCBuildConfiguration section */
		DCD0F1B224687E6300660CF9 /* Debug */ = {
			isa = XCBuildConfiguration;
			buildSettings = {
				ALWAYS_SEARCH_USER_PATHS = NO;
				CLANG_ANALYZER_NONNULL = YES;
				CLANG_ANALYZER_NUMBER_OBJECT_CONVERSION = YES_AGGRESSIVE;
				CLANG_CXX_LANGUAGE_STANDARD = "gnu++14";
				CLANG_CXX_LIBRARY = "libc++";
				CLANG_ENABLE_MODULES = YES;
				CLANG_ENABLE_OBJC_ARC = YES;
				CLANG_ENABLE_OBJC_WEAK = YES;
				CLANG_WARN_BLOCK_CAPTURE_AUTORELEASING = YES;
				CLANG_WARN_BOOL_CONVERSION = YES;
				CLANG_WARN_COMMA = YES;
				CLANG_WARN_CONSTANT_CONVERSION = YES;
				CLANG_WARN_DEPRECATED_OBJC_IMPLEMENTATIONS = YES;
				CLANG_WARN_DIRECT_OBJC_ISA_USAGE = YES_ERROR;
				CLANG_WARN_DOCUMENTATION_COMMENTS = YES;
				CLANG_WARN_EMPTY_BODY = YES;
				CLANG_WARN_ENUM_CONVERSION = YES;
				CLANG_WARN_INFINITE_RECURSION = YES;
				CLANG_WARN_INT_CONVERSION = YES;
				CLANG_WARN_NON_LITERAL_NULL_CONVERSION = YES;
				CLANG_WARN_OBJC_IMPLICIT_RETAIN_SELF = YES;
				CLANG_WARN_OBJC_LITERAL_CONVERSION = YES;
				CLANG_WARN_OBJC_ROOT_CLASS = YES_ERROR;
				CLANG_WARN_RANGE_LOOP_ANALYSIS = YES;
				CLANG_WARN_STRICT_PROTOTYPES = YES;
				CLANG_WARN_SUSPICIOUS_MOVE = YES;
				CLANG_WARN_UNGUARDED_AVAILABILITY = YES_AGGRESSIVE;
				CLANG_WARN_UNREACHABLE_CODE = YES;
				CLANG_WARN__DUPLICATE_METHOD_MATCH = YES;
				COPY_PHASE_STRIP = NO;
				DEBUG_INFORMATION_FORMAT = dwarf;
				ENABLE_STRICT_OBJC_MSGSEND = YES;
				ENABLE_TESTABILITY = YES;
				GCC_C_LANGUAGE_STANDARD = gnu11;
				GCC_DYNAMIC_NO_PIC = NO;
				GCC_NO_COMMON_BLOCKS = YES;
				GCC_OPTIMIZATION_LEVEL = 0;
				GCC_PREPROCESSOR_DEFINITIONS = (
					"DEBUG=1",
					"$(inherited)",
				);
				GCC_WARN_64_TO_32_BIT_CONVERSION = YES;
				GCC_WARN_ABOUT_RETURN_TYPE = YES_ERROR;
				GCC_WARN_UNDECLARED_SELECTOR = YES;
				GCC_WARN_UNINITIALIZED_AUTOS = YES_AGGRESSIVE;
				GCC_WARN_UNUSED_FUNCTION = YES;
				GCC_WARN_UNUSED_VARIABLE = YES;
				IPHONEOS_DEPLOYMENT_TARGET = 13.4;
				MTL_ENABLE_DEBUG_INFO = INCLUDE_SOURCE;
				MTL_FAST_MATH = YES;
				ONLY_ACTIVE_ARCH = YES;
				SDKROOT = iphoneos;
				SWIFT_ACTIVE_COMPILATION_CONDITIONS = DEBUG;
				SWIFT_OPTIMIZATION_LEVEL = "-Onone";
			};
			name = Debug;
		};
		DCD0F1B324687E6300660CF9 /* Release */ = {
			isa = XCBuildConfiguration;
			buildSettings = {
				ALWAYS_SEARCH_USER_PATHS = NO;
				CLANG_ANALYZER_NONNULL = YES;
				CLANG_ANALYZER_NUMBER_OBJECT_CONVERSION = YES_AGGRESSIVE;
				CLANG_CXX_LANGUAGE_STANDARD = "gnu++14";
				CLANG_CXX_LIBRARY = "libc++";
				CLANG_ENABLE_MODULES = YES;
				CLANG_ENABLE_OBJC_ARC = YES;
				CLANG_ENABLE_OBJC_WEAK = YES;
				CLANG_WARN_BLOCK_CAPTURE_AUTORELEASING = YES;
				CLANG_WARN_BOOL_CONVERSION = YES;
				CLANG_WARN_COMMA = YES;
				CLANG_WARN_CONSTANT_CONVERSION = YES;
				CLANG_WARN_DEPRECATED_OBJC_IMPLEMENTATIONS = YES;
				CLANG_WARN_DIRECT_OBJC_ISA_USAGE = YES_ERROR;
				CLANG_WARN_DOCUMENTATION_COMMENTS = YES;
				CLANG_WARN_EMPTY_BODY = YES;
				CLANG_WARN_ENUM_CONVERSION = YES;
				CLANG_WARN_INFINITE_RECURSION = YES;
				CLANG_WARN_INT_CONVERSION = YES;
				CLANG_WARN_NON_LITERAL_NULL_CONVERSION = YES;
				CLANG_WARN_OBJC_IMPLICIT_RETAIN_SELF = YES;
				CLANG_WARN_OBJC_LITERAL_CONVERSION = YES;
				CLANG_WARN_OBJC_ROOT_CLASS = YES_ERROR;
				CLANG_WARN_RANGE_LOOP_ANALYSIS = YES;
				CLANG_WARN_STRICT_PROTOTYPES = YES;
				CLANG_WARN_SUSPICIOUS_MOVE = YES;
				CLANG_WARN_UNGUARDED_AVAILABILITY = YES_AGGRESSIVE;
				CLANG_WARN_UNREACHABLE_CODE = YES;
				CLANG_WARN__DUPLICATE_METHOD_MATCH = YES;
				COPY_PHASE_STRIP = NO;
				DEBUG_INFORMATION_FORMAT = "dwarf-with-dsym";
				ENABLE_NS_ASSERTIONS = NO;
				ENABLE_STRICT_OBJC_MSGSEND = YES;
				GCC_C_LANGUAGE_STANDARD = gnu11;
				GCC_NO_COMMON_BLOCKS = YES;
				GCC_WARN_64_TO_32_BIT_CONVERSION = YES;
				GCC_WARN_ABOUT_RETURN_TYPE = YES_ERROR;
				GCC_WARN_UNDECLARED_SELECTOR = YES;
				GCC_WARN_UNINITIALIZED_AUTOS = YES_AGGRESSIVE;
				GCC_WARN_UNUSED_FUNCTION = YES;
				GCC_WARN_UNUSED_VARIABLE = YES;
				IPHONEOS_DEPLOYMENT_TARGET = 13.4;
				MTL_ENABLE_DEBUG_INFO = NO;
				MTL_FAST_MATH = YES;
				SDKROOT = iphoneos;
				SWIFT_COMPILATION_MODE = wholemodule;
				SWIFT_OPTIMIZATION_LEVEL = "-O";
				VALIDATE_PRODUCT = YES;
			};
			name = Release;
		};
		DCD0F1B524687E6300660CF9 /* Debug */ = {
			isa = XCBuildConfiguration;
			buildSettings = {
				ASSETCATALOG_COMPILER_APPICON_NAME = AppIcon;
				CODE_SIGN_STYLE = Automatic;
				DEVELOPMENT_ASSET_PATHS = "\"firebase-to-dos/Preview Content\"";
				DEVELOPMENT_TEAM = UCPH8DTAC9;
				ENABLE_PREVIEWS = YES;
				INFOPLIST_FILE = "firebase-to-dos/Info.plist";
				LD_RUNPATH_SEARCH_PATHS = (
					"$(inherited)",
					"@executable_path/Frameworks",
				);
				PRODUCT_BUNDLE_IDENTIFIER = "com.millererik.firebase-to-dos";
				PRODUCT_NAME = "$(TARGET_NAME)";
				SWIFT_VERSION = 5.0;
				TARGETED_DEVICE_FAMILY = "1,2";
			};
			name = Debug;
		};
		DCD0F1B624687E6300660CF9 /* Release */ = {
			isa = XCBuildConfiguration;
			buildSettings = {
				ASSETCATALOG_COMPILER_APPICON_NAME = AppIcon;
				CODE_SIGN_STYLE = Automatic;
				DEVELOPMENT_ASSET_PATHS = "\"firebase-to-dos/Preview Content\"";
				DEVELOPMENT_TEAM = UCPH8DTAC9;
				ENABLE_PREVIEWS = YES;
				INFOPLIST_FILE = "firebase-to-dos/Info.plist";
				LD_RUNPATH_SEARCH_PATHS = (
					"$(inherited)",
					"@executable_path/Frameworks",
				);
				PRODUCT_BUNDLE_IDENTIFIER = "com.millererik.firebase-to-dos";
				PRODUCT_NAME = "$(TARGET_NAME)";
				SWIFT_VERSION = 5.0;
				TARGETED_DEVICE_FAMILY = "1,2";
			};
			name = Release;
		};
		DCD0F1B824687E6300660CF9 /* Debug */ = {
			isa = XCBuildConfiguration;
			buildSettings = {
				ALWAYS_EMBED_SWIFT_STANDARD_LIBRARIES = YES;
				CODE_SIGN_STYLE = Automatic;
				DEVELOPMENT_TEAM = UCPH8DTAC9;
				INFOPLIST_FILE = "firebase-to-dosUITests/Info.plist";
				LD_RUNPATH_SEARCH_PATHS = (
					"$(inherited)",
					"@executable_path/Frameworks",
					"@loader_path/Frameworks",
				);
				PRODUCT_BUNDLE_IDENTIFIER = "com.millererik.firebase-to-dosUITests";
				PRODUCT_NAME = "$(TARGET_NAME)";
				SWIFT_VERSION = 5.0;
				TARGETED_DEVICE_FAMILY = "1,2";
				TEST_TARGET_NAME = "firebase-to-dos";
			};
			name = Debug;
		};
		DCD0F1B924687E6300660CF9 /* Release */ = {
			isa = XCBuildConfiguration;
			buildSettings = {
				ALWAYS_EMBED_SWIFT_STANDARD_LIBRARIES = YES;
				CODE_SIGN_STYLE = Automatic;
				DEVELOPMENT_TEAM = UCPH8DTAC9;
				INFOPLIST_FILE = "firebase-to-dosUITests/Info.plist";
				LD_RUNPATH_SEARCH_PATHS = (
					"$(inherited)",
					"@executable_path/Frameworks",
					"@loader_path/Frameworks",
				);
				PRODUCT_BUNDLE_IDENTIFIER = "com.millererik.firebase-to-dosUITests";
				PRODUCT_NAME = "$(TARGET_NAME)";
				SWIFT_VERSION = 5.0;
				TARGETED_DEVICE_FAMILY = "1,2";
				TEST_TARGET_NAME = "firebase-to-dos";
			};
			name = Release;
		};
/* End XCBuildConfiguration section */

/* Begin XCConfigurationList section */
		DCD0F18D24687E5A00660CF9 /* Build configuration list for PBXProject "firebase-to-dos" */ = {
			isa = XCConfigurationList;
			buildConfigurations = (
				DCD0F1B224687E6300660CF9 /* Debug */,
				DCD0F1B324687E6300660CF9 /* Release */,
			);
			defaultConfigurationIsVisible = 0;
			defaultConfigurationName = Release;
		};
		DCD0F1B424687E6300660CF9 /* Build configuration list for PBXNativeTarget "firebase-to-dos" */ = {
			isa = XCConfigurationList;
			buildConfigurations = (
				DCD0F1B524687E6300660CF9 /* Debug */,
				DCD0F1B624687E6300660CF9 /* Release */,
			);
			defaultConfigurationIsVisible = 0;
			defaultConfigurationName = Release;
		};
		DCD0F1B724687E6300660CF9 /* Build configuration list for PBXNativeTarget "firebase-to-dosUITests" */ = {
			isa = XCConfigurationList;
			buildConfigurations = (
				DCD0F1B824687E6300660CF9 /* Debug */,
				DCD0F1B924687E6300660CF9 /* Release */,
			);
			defaultConfigurationIsVisible = 0;
			defaultConfigurationName = Release;
		};
/* End XCConfigurationList section */

/* Begin XCVersionGroup section */
		DCD0F19924687E5A00660CF9 /* firebase_to_dos.xcdatamodeld */ = {
			isa = XCVersionGroup;
			children = (
				DCD0F19A24687E5A00660CF9 /* firebase_to_dos.xcdatamodel */,
			);
			currentVersion = DCD0F19A24687E5A00660CF9 /* firebase_to_dos.xcdatamodel */;
			path = firebase_to_dos.xcdatamodeld;
			sourceTree = "<group>";
			versionGroupType = wrapper.xcdatamodel;
		};
/* End XCVersionGroup section */
	};
	rootObject = DCD0F18A24687E5A00660CF9 /* Project object */;
}
